# This file was autogenerated by Stack.
# You should not edit this file by hand.
# For more information, please see the documentation at:
#   https://docs.haskellstack.org/en/stable/lock_files

packages:
- completed:
    hackage: binary-tree-0.1.0.0@sha256:ea4e5f636570eeaf27b5ba28a1adad252e5e4997063c7172c387c7574508815a,2846
    pantry-tree:
      sha256: 92581994d6fe0106cbb46c959a298e305d1ae54c7523d6b3893ba8525612686b
      size: 711
  original:
    hackage: binary-tree-0.1.0.0@sha256:ea4e5f636570eeaf27b5ba28a1adad252e5e4997063c7172c387c7574508815a,2846
- completed:
    hackage: monad-gen-0.3.0.1@sha256:a2569465cfbd468d3350ef25de56b3362580e77537224313aab1210f40804a3b,821
    pantry-tree:
      sha256: a825dc8dcc3ee27dbbc1b71f6853703790ed320249b8f8510bb36d726664e795
      size: 288
  original:
    hackage: monad-gen-0.3.0.1@sha256:a2569465cfbd468d3350ef25de56b3362580e77537224313aab1210f40804a3b,821
- completed:
    hackage: co-log-core-0.3.1.0@sha256:9794bdedd1391decd0e22bdfe2b11abcb42e6cff7a4531e1f8882890828f4e63,3816
    pantry-tree:
      sha256: d4cc089c40c5052ee02f91eafa567e0a239908aabc561dfa6080ba3bfc8c25bd
      size: 584
  original:
    hackage: co-log-core-0.3.1.0
- completed:
    hackage: lsp-1.6.0.0@sha256:2b95e406cc85ffa95406ae8ad7d16b82283a6ca2fcb7ea5308a4ef3e6d6e68e6,4397
    pantry-tree:
      sha256: 43a82c501ec3074d888f2bf4960e4b447028c1537abbca4cf65e74944604bf62
      size: 1044
  original:
    hackage: lsp-1.6.0.0
- completed:
    hackage: lsp-types-1.6.0.0@sha256:06be28f931eff0b58bc7210f0567ae07713f98735b5a8fb8a6b7adde43d7c782,5690
    pantry-tree:
      sha256: 0b790822bcac982b9bf3b4e249c1395d5f76a4c0cb1287eee5a5613f74a8eafd
      size: 4909
  original:
    hackage: lsp-types-1.6.0.0
- completed:
    hackage: lsp-test-0.14.1.0@sha256:a535014ed008a6584cd3c59d31435d046aa3d346ce9a36a4f6e006586e29b4a4,4852
    pantry-tree:
      sha256: a720cfe18e3575e8d32f7937912340601c2f7e8b2aa9b8cc91346ed531983793
      size: 1559
  original:
    hackage: lsp-test-0.14.1.0
snapshots:
- completed:
    sha256: e5f56f619132209b826084cacd6374d7f0344cc88a9d1d305878190e4204ae1f
    size: 619205
    url: https://raw.githubusercontent.com/commercialhaskell/stackage-snapshots/master/lts/19/31.yaml
  original:
    url: https://raw.githubusercontent.com/commercialhaskell/stackage-snapshots/master/lts/19/31.yaml
