# This file was autogenerated by Stack.
# You should not edit this file by hand.
# For more information, please see the documentation at:
#   https://docs.haskellstack.org/en/stable/lock_files

packages:
- completed:
    name: nat
    pantry-tree:
      sha256: d0b728a0106a633d91a2ef0ec882b3c6b5b618a0474725e2bb15121b717f6399
      size: 2511
    sha256: 5e31ea860028969faaaf66b88c47d0d679fb39843e13e6c8762636fed8e7e393
    size: 32242
    url: https://github.com/nat-lang/nat/archive/master.tar.gz
    version: 0.1.0.0
  original:
    url: https://github.com/nat-lang/nat/archive/master.tar.gz
- completed:
    hackage: binary-tree-0.1.0.0@sha256:ea4e5f636570eeaf27b5ba28a1adad252e5e4997063c7172c387c7574508815a,2846
    pantry-tree:
      sha256: 92581994d6fe0106cbb46c959a298e305d1ae54c7523d6b3893ba8525612686b
      size: 711
  original:
    hackage: binary-tree-0.1.0.0@sha256:ea4e5f636570eeaf27b5ba28a1adad252e5e4997063c7172c387c7574508815a,2846
- completed:
    hackage: monad-gen-0.3.0.1@sha256:a2569465cfbd468d3350ef25de56b3362580e77537224313aab1210f40804a3b,821
    pantry-tree:
      sha256: a825dc8dcc3ee27dbbc1b71f6853703790ed320249b8f8510bb36d726664e795
      size: 288
  original:
    hackage: monad-gen-0.3.0.1@sha256:a2569465cfbd468d3350ef25de56b3362580e77537224313aab1210f40804a3b,821
snapshots:
- completed:
    sha256: e5f56f619132209b826084cacd6374d7f0344cc88a9d1d305878190e4204ae1f
    size: 619205
    url: https://raw.githubusercontent.com/commercialhaskell/stackage-snapshots/master/lts/19/31.yaml
  original:
    url: https://raw.githubusercontent.com/commercialhaskell/stackage-snapshots/master/lts/19/31.yaml
